
Microsoft Visual Studio Solution File, Format Version 12.00
# Visual Studio Version 17
VisualStudioVersion = 17.4.33122.133
MinimumVisualStudioVersion = 10.0.40219.1
Project("{9A19103F-16F7-4668-BE54-9A1E7A4F7556}") = "Core_App", "Core_App\Core_App.csproj", "{EC470FD3-D07F-409C-A1FE-BC57FE85EFBA}"
EndProject
Project("{FAE04EC0-301F-11D3-BF4B-00C04F79EFBC}") = "Framework_App", "Framework_App\Framework_App.csproj", "{CDAA9963-373D-4503-9D82-04CA76C19EB6}"
EndProject
Project("{9A19103F-16F7-4668-BE54-9A1E7A4F7556}") = "WebApplication1", "WebApplication1\WebApplication1.csproj", "{5610BB40-60B1-4B04-9260-1CC9220AEFB6}"
EndProject
Project("{9A19103F-16F7-4668-BE54-9A1E7A4F7556}") = "BlazorApp1", "BlazorApp1\BlazorApp1.csproj", "{1925EC1C-EA2A-4068-A3D3-3487A62AC1D5}"
EndProject
Project("{9A19103F-16F7-4668-BE54-9A1E7A4F7556}") = "WebApplication2", "WebApplication2\WebApplication2.csproj", "{DEA235BF-7244-4F6C-9E5B-17AA4408D306}"
EndProject
Project("{D954291E-2A0B-460D-934E-DC6B0785DB48}") = "SharedProject1", "SharedProject1\SharedProject1.shproj", "{A0AB12A1-C26D-49E8-BBB8-F5ECC145F071}"
EndProject
Project("{778DAE3C-4631-46EA-AA77-85C1314464D9}") = "VB", "VB\VB.vbproj", "{303E4B47-DC79-4527-BE3E-72F40FA0C22A}"
EndProject
Project("{FAE04EC0-301F-11D3-BF4B-00C04F79EFBC}") = "Framework_Web", "Framework_Web\Framework_Web.csproj", "{0206F103-45C0-438C-BF70-8908AB525286}"
EndProject
Project("{8BC9CEB8-8B4A-11D0-8D11-00A0C91BC942}") = "Cpp", "Cpp\Cpp.vcxproj", "{55B53B46-E9D2-4EF8-8D21-A692708B7C72}"
EndProject
Project("{9A19103F-16F7-4668-BE54-9A1E7A4F7556}") = "Multi", "Multi\Multi.csproj", "{82039DEC-67EC-400B-BB7E-DF23E047FD29}"
EndProject
Project("{FAE04EC0-301F-11D3-BF4B-00C04F79EFBC}") = "OldSharp", "OldSharp\OldSharp.csproj", "{5260CC0E-BCB9-4F67-B5BB-9159BAE83D4C}"
EndProject
Global
	GlobalSection(SolutionConfigurationPlatforms) = preSolution
		Debug|Any CPU = Debug|Any CPU
		Debug|x64 = Debug|x64
		Debug|x86 = Debug|x86
		Release|Any CPU = Release|Any CPU
		Release|x64 = Release|x64
		Release|x86 = Release|x86
	EndGlobalSection
	GlobalSection(ProjectConfigurationPlatforms) = postSolution
		{EC470FD3-D07F-409C-A1FE-BC57FE85EFBA}.Debug|Any CPU.ActiveCfg = Debug|Any CPU
		{EC470FD3-D07F-409C-A1FE-BC57FE85EFBA}.Debug|Any CPU.Build.0 = Debug|Any CPU
		{EC470FD3-D07F-409C-A1FE-BC57FE85EFBA}.Debug|x64.ActiveCfg = Debug|Any CPU
		{EC470FD3-D07F-409C-A1FE-BC57FE85EFBA}.Debug|x64.Build.0 = Debug|Any CPU
		{EC470FD3-D07F-409C-A1FE-BC57FE85EFBA}.Debug|x86.ActiveCfg = Debug|Any CPU
		{EC470FD3-D07F-409C-A1FE-BC57FE85EFBA}.Debug|x86.Build.0 = Debug|Any CPU
		{EC470FD3-D07F-409C-A1FE-BC57FE85EFBA}.Release|Any CPU.ActiveCfg = Release|Any CPU
		{EC470FD3-D07F-409C-A1FE-BC57FE85EFBA}.Release|Any CPU.Build.0 = Release|Any CPU
		{EC470FD3-D07F-409C-A1FE-BC57FE85EFBA}.Release|x64.ActiveCfg = Release|Any CPU
		{EC470FD3-D07F-409C-A1FE-BC57FE85EFBA}.Release|x64.Build.0 = Release|Any CPU
		{EC470FD3-D07F-409C-A1FE-BC57FE85EFBA}.Release|x86.ActiveCfg = Release|Any CPU
		{EC470FD3-D07F-409C-A1FE-BC57FE85EFBA}.Release|x86.Build.0 = Release|Any CPU
		{CDAA9963-373D-4503-9D82-04CA76C19EB6}.Debug|Any CPU.ActiveCfg = Debug|Any CPU
		{CDAA9963-373D-4503-9D82-04CA76C19EB6}.Debug|Any CPU.Build.0 = Debug|Any CPU
		{CDAA9963-373D-4503-9D82-04CA76C19EB6}.Debug|x64.ActiveCfg = Debug|Any CPU
		{CDAA9963-373D-4503-9D82-04CA76C19EB6}.Debug|x64.Build.0 = Debug|Any CPU
		{CDAA9963-373D-4503-9D82-04CA76C19EB6}.Debug|x86.ActiveCfg = Debug|Any CPU
		{CDAA9963-373D-4503-9D82-04CA76C19EB6}.Debug|x86.Build.0 = Debug|Any CPU
		{CDAA9963-373D-4503-9D82-04CA76C19EB6}.Release|Any CPU.ActiveCfg = Release|Any CPU
		{CDAA9963-373D-4503-9D82-04CA76C19EB6}.Release|Any CPU.Build.0 = Release|Any CPU
		{CDAA9963-373D-4503-9D82-04CA76C19EB6}.Release|x64.ActiveCfg = Release|Any CPU
		{CDAA9963-373D-4503-9D82-04CA76C19EB6}.Release|x64.Build.0 = Release|Any CPU
		{CDAA9963-373D-4503-9D82-04CA76C19EB6}.Release|x86.ActiveCfg = Release|Any CPU
		{CDAA9963-373D-4503-9D82-04CA76C19EB6}.Release|x86.Build.0 = Release|Any CPU
		{5610BB40-60B1-4B04-9260-1CC9220AEFB6}.Debug|Any CPU.ActiveCfg = Debug|Any CPU
		{5610BB40-60B1-4B04-9260-1CC9220AEFB6}.Debug|Any CPU.Build.0 = Debug|Any CPU
		{5610BB40-60B1-4B04-9260-1CC9220AEFB6}.Debug|x64.ActiveCfg = Debug|Any CPU
		{5610BB40-60B1-4B04-9260-1CC9220AEFB6}.Debug|x64.Build.0 = Debug|Any CPU
		{5610BB40-60B1-4B04-9260-1CC9220AEFB6}.Debug|x86.ActiveCfg = Debug|Any CPU
		{5610BB40-60B1-4B04-9260-1CC9220AEFB6}.Debug|x86.Build.0 = Debug|Any CPU
		{5610BB40-60B1-4B04-9260-1CC9220AEFB6}.Release|Any CPU.ActiveCfg = Release|Any CPU
		{5610BB40-60B1-4B04-9260-1CC9220AEFB6}.Release|Any CPU.Build.0 = Release|Any CPU
		{5610BB40-60B1-4B04-9260-1CC9220AEFB6}.Release|x64.ActiveCfg = Release|Any CPU
		{5610BB40-60B1-4B04-9260-1CC9220AEFB6}.Release|x64.Build.0 = Release|Any CPU
		{5610BB40-60B1-4B04-9260-1CC9220AEFB6}.Release|x86.ActiveCfg = Release|Any CPU
		{5610BB40-60B1-4B04-9260-1CC9220AEFB6}.Release|x86.Build.0 = Release|Any CPU
		{1925EC1C-EA2A-4068-A3D3-3487A62AC1D5}.Debug|Any CPU.ActiveCfg = Debug|Any CPU
		{1925EC1C-EA2A-4068-A3D3-3487A62AC1D5}.Debug|Any CPU.Build.0 = Debug|Any CPU
		{1925EC1C-EA2A-4068-A3D3-3487A62AC1D5}.Debug|x64.ActiveCfg = Debug|Any CPU
		{1925EC1C-EA2A-4068-A3D3-3487A62AC1D5}.Debug|x64.Build.0 = Debug|Any CPU
		{1925EC1C-EA2A-4068-A3D3-3487A62AC1D5}.Debug|x86.ActiveCfg = Debug|Any CPU
		{1925EC1C-EA2A-4068-A3D3-3487A62AC1D5}.Debug|x86.Build.0 = Debug|Any CPU
		{1925EC1C-EA2A-4068-A3D3-3487A62AC1D5}.Release|Any CPU.ActiveCfg = Release|Any CPU
		{1925EC1C-EA2A-4068-A3D3-3487A62AC1D5}.Release|Any CPU.Build.0 = Release|Any CPU
		{1925EC1C-EA2A-4068-A3D3-3487A62AC1D5}.Release|x64.ActiveCfg = Release|Any CPU
		{1925EC1C-EA2A-4068-A3D3-3487A62AC1D5}.Release|x64.Build.0 = Release|Any CPU
		{1925EC1C-EA2A-4068-A3D3-3487A62AC1D5}.Release|x86.ActiveCfg = Release|Any CPU
		{1925EC1C-EA2A-4068-A3D3-3487A62AC1D5}.Release|x86.Build.0 = Release|Any CPU
		{DEA235BF-7244-4F6C-9E5B-17AA4408D306}.Debug|Any CPU.ActiveCfg = Debug|Any CPU
		{DEA235BF-7244-4F6C-9E5B-17AA4408D306}.Debug|Any CPU.Build.0 = Debug|Any CPU
		{DEA235BF-7244-4F6C-9E5B-17AA4408D306}.Debug|x64.ActiveCfg = Debug|Any CPU
		{DEA235BF-7244-4F6C-9E5B-17AA4408D306}.Debug|x64.Build.0 = Debug|Any CPU
		{DEA235BF-7244-4F6C-9E5B-17AA4408D306}.Debug|x86.ActiveCfg = Debug|Any CPU
		{DEA235BF-7244-4F6C-9E5B-17AA4408D306}.Debug|x86.Build.0 = Debug|Any CPU
		{DEA235BF-7244-4F6C-9E5B-17AA4408D306}.Release|Any CPU.ActiveCfg = Release|Any CPU
		{DEA235BF-7244-4F6C-9E5B-17AA4408D306}.Release|Any CPU.Build.0 = Release|Any CPU
		{DEA235BF-7244-4F6C-9E5B-17AA4408D306}.Release|x64.ActiveCfg = Release|Any CPU
		{DEA235BF-7244-4F6C-9E5B-17AA4408D306}.Release|x64.Build.0 = Release|Any CPU
		{DEA235BF-7244-4F6C-9E5B-17AA4408D306}.Release|x86.ActiveCfg = Release|Any CPU
		{DEA235BF-7244-4F6C-9E5B-17AA4408D306}.Release|x86.Build.0 = Release|Any CPU
		{303E4B47-DC79-4527-BE3E-72F40FA0C22A}.Debug|Any CPU.ActiveCfg = Debug|Any CPU
		{303E4B47-DC79-4527-BE3E-72F40FA0C22A}.Debug|Any CPU.Build.0 = Debug|Any CPU
		{303E4B47-DC79-4527-BE3E-72F40FA0C22A}.Debug|x64.ActiveCfg = Debug|Any CPU
		{303E4B47-DC79-4527-BE3E-72F40FA0C22A}.Debug|x64.Build.0 = Debug|Any CPU
		{303E4B47-DC79-4527-BE3E-72F40FA0C22A}.Debug|x86.ActiveCfg = Debug|Any CPU
		{303E4B47-DC79-4527-BE3E-72F40FA0C22A}.Debug|x86.Build.0 = Debug|Any CPU
		{303E4B47-DC79-4527-BE3E-72F40FA0C22A}.Release|Any CPU.ActiveCfg = Release|Any CPU
		{303E4B47-DC79-4527-BE3E-72F40FA0C22A}.Release|Any CPU.Build.0 = Release|Any CPU
		{303E4B47-DC79-4527-BE3E-72F40FA0C22A}.Release|x64.ActiveCfg = Release|Any CPU
		{303E4B47-DC79-4527-BE3E-72F40FA0C22A}.Release|x64.Build.0 = Release|Any CPU
		{303E4B47-DC79-4527-BE3E-72F40FA0C22A}.Release|x86.ActiveCfg = Release|Any CPU
		{303E4B47-DC79-4527-BE3E-72F40FA0C22A}.Release|x86.Build.0 = Release|Any CPU
		{0206F103-45C0-438C-BF70-8908AB525286}.Debug|Any CPU.ActiveCfg = Debug|Any CPU
		{0206F103-45C0-438C-BF70-8908AB525286}.Debug|Any CPU.Build.0 = Debug|Any CPU
		{0206F103-45C0-438C-BF70-8908AB525286}.Debug|x64.ActiveCfg = Debug|Any CPU
		{0206F103-45C0-438C-BF70-8908AB525286}.Debug|x64.Build.0 = Debug|Any CPU
		{0206F103-45C0-438C-BF70-8908AB525286}.Debug|x86.ActiveCfg = Debug|Any CPU
		{0206F103-45C0-438C-BF70-8908AB525286}.Debug|x86.Build.0 = Debug|Any CPU
		{0206F103-45C0-438C-BF70-8908AB525286}.Release|Any CPU.ActiveCfg = Release|Any CPU
		{0206F103-45C0-438C-BF70-8908AB525286}.Release|Any CPU.Build.0 = Release|Any CPU
		{0206F103-45C0-438C-BF70-8908AB525286}.Release|x64.ActiveCfg = Release|Any CPU
		{0206F103-45C0-438C-BF70-8908AB525286}.Release|x64.Build.0 = Release|Any CPU
		{0206F103-45C0-438C-BF70-8908AB525286}.Release|x86.ActiveCfg = Release|Any CPU
		{0206F103-45C0-438C-BF70-8908AB525286}.Release|x86.Build.0 = Release|Any CPU
		{55B53B46-E9D2-4EF8-8D21-A692708B7C72}.Debug|Any CPU.ActiveCfg = Debug|x64
		{55B53B46-E9D2-4EF8-8D21-A692708B7C72}.Debug|Any CPU.Build.0 = Debug|x64
		{55B53B46-E9D2-4EF8-8D21-A692708B7C72}.Debug|x64.ActiveCfg = Debug|x64
		{55B53B46-E9D2-4EF8-8D21-A692708B7C72}.Debug|x64.Build.0 = Debug|x64
		{55B53B46-E9D2-4EF8-8D21-A692708B7C72}.Debug|x86.ActiveCfg = Debug|Win32
		{55B53B46-E9D2-4EF8-8D21-A692708B7C72}.Debug|x86.Build.0 = Debug|Win32
		{55B53B46-E9D2-4EF8-8D21-A692708B7C72}.Release|Any CPU.ActiveCfg = Release|x64
		{55B53B46-E9D2-4EF8-8D21-A692708B7C72}.Release|Any CPU.Build.0 = Release|x64
		{55B53B46-E9D2-4EF8-8D21-A692708B7C72}.Release|x64.ActiveCfg = Release|x64
		{55B53B46-E9D2-4EF8-8D21-A692708B7C72}.Release|x64.Build.0 = Release|x64
		{55B53B46-E9D2-4EF8-8D21-A692708B7C72}.Release|x86.ActiveCfg = Release|Win32
		{55B53B46-E9D2-4EF8-8D21-A692708B7C72}.Release|x86.Build.0 = Release|Win32
		{82039DEC-67EC-400B-BB7E-DF23E047FD29}.Debug|Any CPU.ActiveCfg = Debug|Any CPU
		{82039DEC-67EC-400B-BB7E-DF23E047FD29}.Debug|Any CPU.Build.0 = Debug|Any CPU
		{82039DEC-67EC-400B-BB7E-DF23E047FD29}.Debug|x64.ActiveCfg = Debug|Any CPU
		{82039DEC-67EC-400B-BB7E-DF23E047FD29}.Debug|x64.Build.0 = Debug|Any CPU
		{82039DEC-67EC-400B-BB7E-DF23E047FD29}.Debug|x86.ActiveCfg = Debug|Any CPU
		{82039DEC-67EC-400B-BB7E-DF23E047FD29}.Debug|x86.Build.0 = Debug|Any CPU
		{82039DEC-67EC-400B-BB7E-DF23E047FD29}.Release|Any CPU.ActiveCfg = Release|Any CPU
		{82039DEC-67EC-400B-BB7E-DF23E047FD29}.Release|Any CPU.Build.0 = Release|Any CPU
		{82039DEC-67EC-400B-BB7E-DF23E047FD29}.Release|x64.ActiveCfg = Release|Any CPU
		{82039DEC-67EC-400B-BB7E-DF23E047FD29}.Release|x64.Build.0 = Release|Any CPU
		{82039DEC-67EC-400B-BB7E-DF23E047FD29}.Release|x86.ActiveCfg = Release|Any CPU
		{82039DEC-67EC-400B-BB7E-DF23E047FD29}.Release|x86.Build.0 = Release|Any CPU
		{5260CC0E-BCB9-4F67-B5BB-9159BAE83D4C}.Debug|Any CPU.ActiveCfg = Debug|Any CPU
		{5260CC0E-BCB9-4F67-B5BB-9159BAE83D4C}.Debug|Any CPU.Build.0 = Debug|Any CPU
		{5260CC0E-BCB9-4F67-B5BB-9159BAE83D4C}.Debug|x64.ActiveCfg = Debug|Any CPU
		{5260CC0E-BCB9-4F67-B5BB-9159BAE83D4C}.Debug|x64.Build.0 = Debug|Any CPU
		{5260CC0E-BCB9-4F67-B5BB-9159BAE83D4C}.Debug|x86.ActiveCfg = Debug|Any CPU
		{5260CC0E-BCB9-4F67-B5BB-9159BAE83D4C}.Debug|x86.Build.0 = Debug|Any CPU
		{5260CC0E-BCB9-4F67-B5BB-9159BAE83D4C}.Release|Any CPU.ActiveCfg = Release|Any CPU
		{5260CC0E-BCB9-4F67-B5BB-9159BAE83D4C}.Release|Any CPU.Build.0 = Release|Any CPU
		{5260CC0E-BCB9-4F67-B5BB-9159BAE83D4C}.Release|x64.ActiveCfg = Release|Any CPU
		{5260CC0E-BCB9-4F67-B5BB-9159BAE83D4C}.Release|x64.Build.0 = Release|Any CPU
		{5260CC0E-BCB9-4F67-B5BB-9159BAE83D4C}.Release|x86.ActiveCfg = Release|Any CPU
		{5260CC0E-BCB9-4F67-B5BB-9159BAE83D4C}.Release|x86.Build.0 = Release|Any CPU
	EndGlobalSection
	GlobalSection(SolutionProperties) = preSolution
		HideSolutionNode = FALSE
	EndGlobalSection
	GlobalSection(ExtensibilityGlobals) = postSolution
		SolutionGuid = {C2DB8E14-821F-4745-B456-CE6F34CE28EC}
	EndGlobalSection
	GlobalSection(SharedMSBuildProjectFiles) = preSolution
		SharedProject1\SharedProject1.projitems*{82039dec-67ec-400b-bb7e-df23e047fd29}*SharedItemsImports = 5
		SharedProject1\SharedProject1.projitems*{a0ab12a1-c26d-49e8-bbb8-f5ecc145f071}*SharedItemsImports = 13
		SharedProject1\SharedProject1.projitems*{ec470fd3-d07f-409c-a1fe-bc57fe85efba}*SharedItemsImports = 5
	EndGlobalSection
EndGlobal
